<?xml version="1.0" encoding="utf-8"?>
<Project ToolsVersion="4.0" xmlns="http://schemas.microsoft.com/developer/msbuild/2003">
  <ItemGroup>
    <Filter Include="source">
      <UniqueIdentifier>{4FC737F1-C7A5-4376-A066-2A32D752A2FF}</UniqueIdentifier>
      <Extensions>cpp;c;cc;cxx;c++;cppm;ixx;def;odl;idl;hpj;bat;asm;asmx</Extensions>
    </Filter>
    <Filter Include="gmp/core">
      <UniqueIdentifier>{67DA6AB6-F800-4c08-8B7A-83BB121AAD01}</UniqueIdentifier>
      <Extensions>rc;ico;cur;bmp;dlg;rc2;rct;bin;rgs;gif;jpg;jpeg;jpe;resx;tiff;tif;png;wav;mfcribbon-ms</Extensions>
    </Filter>
    <Filter Include="main">
      <UniqueIdentifier>{039acb65-750d-4a23-85ce-bf4b4f3796e2}</UniqueIdentifier>
    </Filter>
    <Filter Include="tb">
      <UniqueIdentifier>{7c4409ac-d1ed-4e80-a51a-00377297f7fc}</UniqueIdentifier>
    </Filter>
  </ItemGroup>
  <ItemGroup>
    <ClCompile Include="..\..\usr\peripheral.c">
      <Filter>source</Filter>
    </ClCompile>
    <ClCompile Include="..\..\usr\user_main.c">
      <Filter>source</Filter>
    </ClCompile>
    <ClCompile Include="..\..\src\gmp_dev_util.c">
      <Filter>gmp/core</Filter>
    </ClCompile>
    <ClCompile Include="..\..\src\gmp_ds_list.c">
      <Filter>gmp/core</Filter>
    </ClCompile>
    <ClCompile Include="..\..\src\gmp_mm_block_memory.c">
      <Filter>gmp/core</Filter>
    </ClCompile>
    <ClCompile Include="..\..\src\gmp_std_error_code.c">
      <Filter>gmp/core</Filter>
    </ClCompile>
    <ClCompile Include="..\..\src\gmp_std_port.c">
      <Filter>gmp/core</Filter>
    </ClCompile>
    <ClCompile Include="gmp_core_tb.cpp">
      <Filter>main</Filter>
    </ClCompile>
    <ClCompile Include="ring_buf_tb.c">
      <Filter>tb</Filter>
    </ClCompile>
  </ItemGroup>
  <ItemGroup>
    <ClInclude Include="..\..\usr\ctl_interface.h">
      <Filter>source</Filter>
    </ClInclude>
    <ClInclude Include="..\..\usr\ctl_main.h">
      <Filter>source</Filter>
    </ClInclude>
    <ClInclude Include="..\..\usr\user.config.h">
      <Filter>source</Filter>
    </ClInclude>
    <ClInclude Include="..\..\usr\user_main.h">
      <Filter>source</Filter>
    </ClInclude>
  </ItemGroup>
</Project>