
Microsoft Visual Studio Solution File, Format Version 12.00
# Visual Studio Version 17
VisualStudioVersion = 17.11.35327.3
MinimumVisualStudioVersion = 10.0.40219.1
Project("{8BC9CEB8-8B4A-11D0-8D11-00A0C91BC942}") = "RLC_solver", "RLC_solver.vcxproj", "{E5DD887F-D90B-46AE-AB4D-C8456B39E1A4}"
EndProject
Global
	GlobalSection(SolutionConfigurationPlatforms) = preSolution
		Debug|x64 = Debug|x64
		Debug|x86 = Debug|x86
		Release|x64 = Release|x64
		Release|x86 = Release|x86
	EndGlobalSection
	GlobalSection(ProjectConfigurationPlatforms) = postSolution
		{E5DD887F-D90B-46AE-AB4D-C8456B39E1A4}.Debug|x64.ActiveCfg = Debug|x64
		{E5DD887F-D90B-46AE-AB4D-C8456B39E1A4}.Debug|x64.Build.0 = Debug|x64
		{E5DD887F-D90B-46AE-AB4D-C8456B39E1A4}.Debug|x86.ActiveCfg = Debug|Win32
		{E5DD887F-D90B-46AE-AB4D-C8456B39E1A4}.Debug|x86.Build.0 = Debug|Win32
		{E5DD887F-D90B-46AE-AB4D-C8456B39E1A4}.Release|x64.ActiveCfg = Release|x64
		{E5DD887F-D90B-46AE-AB4D-C8456B39E1A4}.Release|x64.Build.0 = Release|x64
		{E5DD887F-D90B-46AE-AB4D-C8456B39E1A4}.Release|x86.ActiveCfg = Release|Win32
		{E5DD887F-D90B-46AE-AB4D-C8456B39E1A4}.Release|x86.Build.0 = Release|Win32
	EndGlobalSection
	GlobalSection(SolutionProperties) = preSolution
		HideSolutionNode = FALSE
	EndGlobalSection
	GlobalSection(ExtensibilityGlobals) = postSolution
		SolutionGuid = {AF29F556-B1F7-443E-84DE-0BC9E9B49E67}
	EndGlobalSection
EndGlobal
